
Microsoft Visual Studio Solution File, Format Version 12.00
# Visual Studio Version 17
VisualStudioVersion = 17.10.35004.147
MinimumVisualStudioVersion = 10.0.40219.1
Project("{FAE04EC0-301F-11D3-BF4B-00C04F79EFBC}") = "TP1", "TP1\TP1.csproj", "{CEADAA1E-DE3B-40CA-9335-B02C25C9CA10}"
EndProject
Global
	GlobalSection(SolutionConfigurationPlatforms) = preSolution
		Debug|Any CPU = Debug|Any CPU
		Release|Any CPU = Release|Any CPU
	EndGlobalSection
	GlobalSection(ProjectConfigurationPlatforms) = postSolution
		{CEADAA1E-DE3B-40CA-9335-B02C25C9CA10}.Debug|Any CPU.ActiveCfg = Debug|Any CPU
		{CEADAA1E-DE3B-40CA-9335-B02C25C9CA10}.Debug|Any CPU.Build.0 = Debug|Any CPU
		{CEADAA1E-DE3B-40CA-9335-B02C25C9CA10}.Release|Any CPU.ActiveCfg = Release|Any CPU
		{CEADAA1E-DE3B-40CA-9335-B02C25C9CA10}.Release|Any CPU.Build.0 = Release|Any CPU
	EndGlobalSection
	GlobalSection(SolutionProperties) = preSolution
		HideSolutionNode = FALSE
	EndGlobalSection
	GlobalSection(ExtensibilityGlobals) = postSolution
		SolutionGuid = {5813DAD4-3EF5-44BA-92BF-C155FD3E85EC}
	EndGlobalSection
EndGlobal
